// !$*UTF8*$!
{
	archiveVersion = 1;
	classes = {
	};
	objectVersion = 50;
	objects = {

/* Begin PBXBuildFile section */
		1E0D49C621B5CEE70007F7E2 /* urmom.png in Resources */ = {isa = PBXBuildFile; fileRef = 1E0D49C521B5CEE70007F7E2 /* urmom.png */; };
		1E5CB43D21C460B900E13503 /* jiron3.png in Resources */ = {isa = PBXBuildFile; fileRef = 1E5CB43C21C460B900E13503 /* jiron3.png */; };
		1EAA667021AC97D400A75E4A /* ResourcePath.mm in Sources */ = {isa = PBXBuildFile; fileRef = 1EAA666F21AC97D400A75E4A /* ResourcePath.mm */; };
		1EAA667321AC97D400A75E4A /* main.cpp in Sources */ = {isa = PBXBuildFile; fileRef = 1EAA667221AC97D400A75E4A /* main.cpp */; };
		1EAA667621AC97D400A75E4A /* cute_image.jpg in Resources */ = {isa = PBXBuildFile; fileRef = 1EAA667521AC97D400A75E4A /* cute_image.jpg */; };
		1EAA667821AC97D400A75E4A /* nice_music.ogg in Resources */ = {isa = PBXBuildFile; fileRef = 1EAA667721AC97D400A75E4A /* nice_music.ogg */; };
		1EAA667A21AC97D400A75E4A /* sansation.ttf in Resources */ = {isa = PBXBuildFile; fileRef = 1EAA667921AC97D400A75E4A /* sansation.ttf */; };
		1EAA667C21AC97D400A75E4A /* icon.png in Resources */ = {isa = PBXBuildFile; fileRef = 1EAA667B21AC97D400A75E4A /* icon.png */; };
		BC5370CD21C97EB100A8CC29 /* safe2tell.png in Resources */ = {isa = PBXBuildFile; fileRef = BC5370CC21C97EB000A8CC29 /* safe2tell.png */; };
		BC5370CF21C97EB700A8CC29 /* pew.jpg in Resources */ = {isa = PBXBuildFile; fileRef = BC5370CE21C97EB700A8CC29 /* pew.jpg */; };
/* End PBXBuildFile section */

/* Begin PBXFileReference section */
		1E0D49C521B5CEE70007F7E2 /* urmom.png */ = {isa = PBXFileReference; lastKnownFileType = image.png; name = urmom.png; path = ../../../Downloads/urmom.png; sourceTree = "<group>"; };
		1E5CB43C21C460B900E13503 /* jiron3.png */ = {isa = PBXFileReference; lastKnownFileType = image.png; name = jiron3.png; path = ../../../Downloads/jiron3.png; sourceTree = "<group>"; };
		1EAA666A21AC97D400A75E4A /* idk too.app */ = {isa = PBXFileReference; explicitFileType = wrapper.application; includeInIndex = 0; path = "idk too.app"; sourceTree = BUILT_PRODUCTS_DIR; };
		1EAA666E21AC97D400A75E4A /* idk too-Info.plist */ = {isa = PBXFileReference; lastKnownFileType = text.plist.xml; path = "idk too-Info.plist"; sourceTree = "<group>"; };
		1EAA666F21AC97D400A75E4A /* ResourcePath.mm */ = {isa = PBXFileReference; lastKnownFileType = sourcecode.cpp.objcpp; path = ResourcePath.mm; sourceTree = "<group>"; };
		1EAA667121AC97D400A75E4A /* ResourcePath.hpp */ = {isa = PBXFileReference; lastKnownFileType = sourcecode.cpp.h; path = ResourcePath.hpp; sourceTree = "<group>"; };
		1EAA667221AC97D400A75E4A /* main.cpp */ = {isa = PBXFileReference; lastKnownFileType = sourcecode.cpp.cpp; path = main.cpp; sourceTree = "<group>"; };
		1EAA667521AC97D400A75E4A /* cute_image.jpg */ = {isa = PBXFileReference; lastKnownFileType = image.jpeg; path = cute_image.jpg; sourceTree = "<group>"; };
		1EAA667721AC97D400A75E4A /* nice_music.ogg */ = {isa = PBXFileReference; lastKnownFileType = file; path = nice_music.ogg; sourceTree = "<group>"; };
		1EAA667921AC97D400A75E4A /* sansation.ttf */ = {isa = PBXFileReference; lastKnownFileType = file; path = sansation.ttf; sourceTree = "<group>"; };
		1EAA667B21AC97D400A75E4A /* icon.png */ = {isa = PBXFileReference; lastKnownFileType = image.png; path = icon.png; sourceTree = "<group>"; };
		BC5370CC21C97EB000A8CC29 /* safe2tell.png */ = {isa = PBXFileReference; lastKnownFileType = image.png; name = safe2tell.png; path = ../../../Downloads/safe2tell.png; sourceTree = "<group>"; };
		BC5370CE21C97EB700A8CC29 /* pew.jpg */ = {isa = PBXFileReference; lastKnownFileType = image.jpeg; name = pew.jpg; path = ../../../Downloads/pew.jpg; sourceTree = "<group>"; };
/* End PBXFileReference section */

/* Begin PBXFrameworksBuildPhase section */
		1EAA666621AC97D400A75E4A /* Frameworks */ = {
			isa = PBXFrameworksBuildPhase;
			buildActionMask = 2147483647;
			files = (
			);
			runOnlyForDeploymentPostprocessing = 0;
		};
/* End PBXFrameworksBuildPhase section */

/* Begin PBXGroup section */
		1EAA666021AC97D400A75E4A = {
			isa = PBXGroup;
			children = (
				1EAA666C21AC97D400A75E4A /* idk too */,
				1EAA666B21AC97D400A75E4A /* Products */,
			);
			sourceTree = "<group>";
		};
		1EAA666B21AC97D400A75E4A /* Products */ = {
			isa = PBXGroup;
			children = (
				1EAA666A21AC97D400A75E4A /* idk too.app */,
			);
			name = Products;
			sourceTree = "<group>";
		};
		1EAA666C21AC97D400A75E4A /* idk too */ = {
			isa = PBXGroup;
			children = (
				1EAA666F21AC97D400A75E4A /* ResourcePath.mm */,
				1EAA667121AC97D400A75E4A /* ResourcePath.hpp */,
				1EAA667221AC97D400A75E4A /* main.cpp */,
				1EAA667421AC97D400A75E4A /* Resources */,
				1EAA666D21AC97D400A75E4A /* Supporting Files */,
			);
			path = "idk too";
			sourceTree = "<group>";
		};
		1EAA666D21AC97D400A75E4A /* Supporting Files */ = {
			isa = PBXGroup;
			children = (
				1EAA666E21AC97D400A75E4A /* idk too-Info.plist */,
			);
			name = "Supporting Files";
			sourceTree = "<group>";
		};
		1EAA667421AC97D400A75E4A /* Resources */ = {
			isa = PBXGroup;
			children = (
				BC5370CE21C97EB700A8CC29 /* pew.jpg */,
				BC5370CC21C97EB000A8CC29 /* safe2tell.png */,
				1E5CB43C21C460B900E13503 /* jiron3.png */,
				1E0D49C521B5CEE70007F7E2 /* urmom.png */,
				1EAA667521AC97D400A75E4A /* cute_image.jpg */,
				1EAA667721AC97D400A75E4A /* nice_music.ogg */,
				1EAA667921AC97D400A75E4A /* sansation.ttf */,
				1EAA667B21AC97D400A75E4A /* icon.png */,
			);
			name = Resources;
			sourceTree = "<group>";
		};
/* End PBXGroup section */

/* Begin PBXNativeTarget section */
		1EAA666921AC97D400A75E4A /* idk too */ = {
			isa = PBXNativeTarget;
			buildConfigurationList = 1EAA667F21AC97D400A75E4A /* Build configuration list for PBXNativeTarget "idk too" */;
			buildPhases = (
				1EAA666521AC97D400A75E4A /* Sources */,
				1EAA666621AC97D400A75E4A /* Frameworks */,
				1EAA666721AC97D400A75E4A /* Resources */,
				1EAA666821AC97D400A75E4A /* ShellScript */,
			);
			buildRules = (
			);
			dependencies = (
			);
			name = "idk too";
			productName = "idk too";
			productReference = 1EAA666A21AC97D400A75E4A /* idk too.app */;
			productType = "com.apple.product-type.application";
		};
/* End PBXNativeTarget section */

/* Begin PBXProject section */
		1EAA666121AC97D400A75E4A /* Project object */ = {
			isa = PBXProject;
			attributes = {
				LastUpgradeCheck = 0940;
				ORGANIZATIONNAME = "Ava Johnson";
				TargetAttributes = {
					1EAA666921AC97D400A75E4A = {
						CreatedOnToolsVersion = 9.4.1;
					};
				};
			};
			buildConfigurationList = 1EAA666421AC97D400A75E4A /* Build configuration list for PBXProject "idk too" */;
			compatibilityVersion = "Xcode 9.3";
			developmentRegion = en;
			hasScannedForEncodings = 0;
			knownRegions = (
				en,
			);
			mainGroup = 1EAA666021AC97D400A75E4A;
			productRefGroup = 1EAA666B21AC97D400A75E4A /* Products */;
			projectDirPath = "";
			projectRoot = "";
			targets = (
				1EAA666921AC97D400A75E4A /* idk too */,
			);
		};
/* End PBXProject section */

/* Begin PBXResourcesBuildPhase section */
		1EAA666721AC97D400A75E4A /* Resources */ = {
			isa = PBXResourcesBuildPhase;
			buildActionMask = 2147483647;
			files = (
				1E5CB43D21C460B900E13503 /* jiron3.png in Resources */,
				BC5370CD21C97EB100A8CC29 /* safe2tell.png in Resources */,
				BC5370CF21C97EB700A8CC29 /* pew.jpg in Resources */,
				1E0D49C621B5CEE70007F7E2 /* urmom.png in Resources */,
				1EAA667C21AC97D400A75E4A /* icon.png in Resources */,
				1EAA667A21AC97D400A75E4A /* sansation.ttf in Resources */,
				1EAA667821AC97D400A75E4A /* nice_music.ogg in Resources */,
				1EAA667621AC97D400A75E4A /* cute_image.jpg in Resources */,
			);
			runOnlyForDeploymentPostprocessing = 0;
		};
/* End PBXResourcesBuildPhase section */

/* Begin PBXShellScriptBuildPhase section */
		1EAA666821AC97D400A75E4A /* ShellScript */ = {
			isa = PBXShellScriptBuildPhase;
			buildActionMask = 2147483647;
			files = (
			);
			inputPaths = (
			);
			outputPaths = (
			);
			runOnlyForDeploymentPostprocessing = 0;
			shellPath = /bin/sh;
			shellScript = "# This shell script simply copies required SFML dylibs/frameworks into the application bundle frameworks folder.\n# If you're using static libraries (which is not recommended) you should remove this script from your project.\n\n# SETTINGS\nSFML_DEPENDENCIES_INSTALL_PREFIX=\"/Library/Frameworks\"\nCMAKE_INSTALL_FRAMEWORK_PREFIX=\"/Library/Frameworks\"\nCMAKE_INSTALL_LIB_PREFIX=\"/usr/local/lib\"\nFRAMEWORKS_FULL_PATH=\"$BUILT_PRODUCTS_DIR/$FRAMEWORKS_FOLDER_PATH/\"\n\n# Are we building a project that uses frameworks or dylibs?\ncase \"$SFML_BINARY_TYPE\" in\n    DYLIBS)\n        frameworks=\"false\"\n        ;;\n    *)\n        frameworks=\"true\"\n        ;;\nesac\n\n# Echoes to stderr\nerror () # $* message to display\n{\n    echo $* 1>&2\n    exit 2\n}\n\nassert () # $1 is a boolean, $2...N is an error message\n{\n    if [ $# -lt 2 ]\n    then\n        error \"Internal error in assert: not enough args\"\n    fi\n\n    if [ $1 -ne 0 ]\n    then\n        shift\n        error \"$*\"\n    fi\n}\n\nforce_remove () # $@ is some paths\n{\n    test $# -ge 1\n    assert $? \"force_remove() requires at least one parameter\"\n    rm -fr $@\n    assert $? \"couldn't remove $@\"\n}\n\ncopy () # $1 is a source, $2 is a destination\n{\n    test $# -eq 2\n    assert $? \"copy() requires two parameters\"\n    ditto \"$1\" \"$2\"\n    assert $? \"couldn't copy $1 to $2\"\n}\n\nrequire () # $1 is a SFML module like 'system' or 'audio'\n{\n    dest=\"$BUILT_PRODUCTS_DIR/$FRAMEWORKS_FOLDER_PATH/\"\n\n    if [ -z \"$1\" ]\n    then\n        error \"require() requires one parameter!\"\n    else\n        # clean potentially old stuff\n        force_remove \"$dest/libsfml-$1\"*\n        force_remove \"$dest/sfml-$1.framework\"\n\n        # copy SFML libraries\n        if [ \"$frameworks\" = \"true\" ]\n        then\n            source=\"$CMAKE_INSTALL_FRAMEWORK_PREFIX/sfml-$1.framework\"\n            target=\"sfml-$1.framework\"\n        elif [ \"$SFML_LINK_DYLIBS_SUFFIX\" = \"-d\" ]\n        then\n            source=\"$CMAKE_INSTALL_LIB_PREFIX/libsfml-$1-d.dylib\"\n            target=\"`readlink $source`\"\n        else\n            source=\"$CMAKE_INSTALL_LIB_PREFIX/libsfml-$1.dylib\"\n            target=\"`readlink $source`\"\n        fi\n\n        copy \"$source\" \"$dest/$target\"\n\n        # copy extra dependencies\n        if [ \"$1\" = \"audio\" ]\n        then\n            # copy \"FLAC\" \"ogg\" \"vorbis\" \"vorbisenc\" \"vorbisfile\" \"OpenAL\" frameworks too\n            for f in \"FLAC\" \"ogg\" \"vorbis\" \"vorbisenc\" \"vorbisfile\" \"OpenAL\"\n            do\n                copy \"$SFML_DEPENDENCIES_INSTALL_PREFIX/$f.framework\" \"$dest/$f.framework\"\n            done\n        elif [ \"$1\" = \"graphics\" ]\n        then\n            copy \"$SFML_DEPENDENCIES_INSTALL_PREFIX/freetype.framework\" \"$dest/freetype.framework\"\n        fi\n    fi\n}\n\nif [ -n \"$SFML_SYSTEM\" ]\nthen\n    require \"system\"\nfi\n\nif [ -n \"$SFML_AUDIO\" ]\nthen\n    require \"audio\"\nfi\n\nif [ -n \"$SFML_NETWORK\" ]\nthen\n    require \"network\"\nfi\n\nif [ -n \"$SFML_WINDOW\" ]\nthen\n    require \"window\"\nfi\n\nif [ -n \"$SFML_GRAPHICS\" ]\nthen\n    require \"graphics\"\nfi\n\n                ";
		};
/* End PBXShellScriptBuildPhase section */

/* Begin PBXSourcesBuildPhase section */
		1EAA666521AC97D400A75E4A /* Sources */ = {
			isa = PBXSourcesBuildPhase;
			buildActionMask = 2147483647;
			files = (
				1EAA667321AC97D400A75E4A /* main.cpp in Sources */,
				1EAA667021AC97D400A75E4A /* ResourcePath.mm in Sources */,
			);
			runOnlyForDeploymentPostprocessing = 0;
		};
/* End PBXSourcesBuildPhase section */

/* Begin XCBuildConfiguration section */
		1EAA667D21AC97D400A75E4A /* Debug */ = {
			isa = XCBuildConfiguration;
			buildSettings = {
				ARCHS = "$(NATIVE_ARCH_ACTUAL)";
				CLANG_CXX_LANGUAGE_STANDARD = "c++11";
				CLANG_CXX_LIBRARY = "libc++";
				FRAMEWORK_SEARCH_PATHS = (
					/Library/Frameworks/,
					"$(inherited)",
				);
				GCC_VERSION = com.apple.compilers.llvm.clang.1_0;
				HEADER_SEARCH_PATHS = (
					/usr/local/include/,
					"$(inherited)",
				);
				LIBRARY_SEARCH_PATHS = (
					/usr/local/lib/,
					"$(inherited)",
				);
				MACOSX_DEPLOYMENT_TARGET = 10.7;
				OTHER_LDFLAGS = (
					"$(inherited)",
					"$(SFML_SYSTEM)",
					"$(SFML_WINDOW)",
					"$(SFML_GRAPHICS)",
					"$(SFML_AUDIO)",
					"$(SFML_NETWORK)",
				);
				SFML_AUDIO = "$(SFML_LINK_PREFIX) sfml-audio$(SFML_LINK_SUFFIX)";
				SFML_BINARY_TYPE = FRAMEWORKS;
				SFML_GRAPHICS = "$(SFML_LINK_PREFIX) sfml-graphics$(SFML_LINK_SUFFIX)";
				SFML_LINK_DYLIBS_PREFIX = "-l";
				SFML_LINK_DYLIBS_SUFFIX = "";
				SFML_LINK_FRAMEWORKS_PREFIX = "-framework";
				SFML_LINK_FRAMEWORKS_SUFFIX = "";
				SFML_LINK_PREFIX = "$(SFML_LINK_$(SFML_BINARY_TYPE)_PREFIX)";
				SFML_LINK_SUFFIX = "$(SFML_LINK_$(SFML_BINARY_TYPE)_SUFFIX)";
				SFML_NETWORK = "$(SFML_LINK_PREFIX) sfml-network$(SFML_LINK_SUFFIX)";
				SFML_SYSTEM = "$(SFML_LINK_PREFIX) sfml-system$(SFML_LINK_SUFFIX)";
				SFML_WINDOW = "$(SFML_LINK_PREFIX) sfml-window$(SFML_LINK_SUFFIX)";
				SUPPORTED_PLATFORMS = macosx;
			};
			name = Debug;
		};
		1EAA667E21AC97D400A75E4A /* Release */ = {
			isa = XCBuildConfiguration;
			buildSettings = {
				ARCHS = "$(NATIVE_ARCH_ACTUAL)";
				CLANG_CXX_LANGUAGE_STANDARD = "c++11";
				CLANG_CXX_LIBRARY = "libc++";
				FRAMEWORK_SEARCH_PATHS = (
					/Library/Frameworks/,
					"$(inherited)",
				);
				GCC_VERSION = com.apple.compilers.llvm.clang.1_0;
				HEADER_SEARCH_PATHS = (
					/usr/local/include/,
					"$(inherited)",
				);
				LIBRARY_SEARCH_PATHS = (
					/usr/local/lib/,
					"$(inherited)",
				);
				MACOSX_DEPLOYMENT_TARGET = 10.7;
				OTHER_LDFLAGS = (
					"$(inherited)",
					"$(SFML_SYSTEM)",
					"$(SFML_WINDOW)",
					"$(SFML_GRAPHICS)",
					"$(SFML_AUDIO)",
					"$(SFML_NETWORK)",
				);
				SFML_AUDIO = "$(SFML_LINK_PREFIX) sfml-audio$(SFML_LINK_SUFFIX)";
				SFML_BINARY_TYPE = FRAMEWORKS;
				SFML_GRAPHICS = "$(SFML_LINK_PREFIX) sfml-graphics$(SFML_LINK_SUFFIX)";
				SFML_LINK_DYLIBS_PREFIX = "-l";
				SFML_LINK_DYLIBS_SUFFIX = "";
				SFML_LINK_FRAMEWORKS_PREFIX = "-framework";
				SFML_LINK_FRAMEWORKS_SUFFIX = "";
				SFML_LINK_PREFIX = "$(SFML_LINK_$(SFML_BINARY_TYPE)_PREFIX)";
				SFML_LINK_SUFFIX = "$(SFML_LINK_$(SFML_BINARY_TYPE)_SUFFIX)";
				SFML_NETWORK = "$(SFML_LINK_PREFIX) sfml-network$(SFML_LINK_SUFFIX)";
				SFML_SYSTEM = "$(SFML_LINK_PREFIX) sfml-system$(SFML_LINK_SUFFIX)";
				SFML_WINDOW = "$(SFML_LINK_PREFIX) sfml-window$(SFML_LINK_SUFFIX)";
				SUPPORTED_PLATFORMS = macosx;
			};
			name = Release;
		};
		1EAA668021AC97D400A75E4A /* Debug */ = {
			isa = XCBuildConfiguration;
			buildSettings = {
				CODE_SIGN_STYLE = Automatic;
				INFOPLIST_FILE = "idk too/idk too-Info.plist";
				LD_RUNPATH_SEARCH_PATHS = "@loader_path/../Frameworks";
				PRODUCT_NAME = "$(TARGET_NAME)";
			};
			name = Debug;
		};
		1EAA668121AC97D400A75E4A /* Release */ = {
			isa = XCBuildConfiguration;
			buildSettings = {
				CODE_SIGN_STYLE = Automatic;
				INFOPLIST_FILE = "idk too/idk too-Info.plist";
				LD_RUNPATH_SEARCH_PATHS = "@loader_path/../Frameworks";
				PRODUCT_NAME = "$(TARGET_NAME)";
			};
			name = Release;
		};
/* End XCBuildConfiguration section */

/* Begin XCConfigurationList section */
		1EAA666421AC97D400A75E4A /* Build configuration list for PBXProject "idk too" */ = {
			isa = XCConfigurationList;
			buildConfigurations = (
				1EAA667D21AC97D400A75E4A /* Debug */,
				1EAA667E21AC97D400A75E4A /* Release */,
			);
			defaultConfigurationIsVisible = 0;
			defaultConfigurationName = Release;
		};
		1EAA667F21AC97D400A75E4A /* Build configuration list for PBXNativeTarget "idk too" */ = {
			isa = XCConfigurationList;
			buildConfigurations = (
				1EAA668021AC97D400A75E4A /* Debug */,
				1EAA668121AC97D400A75E4A /* Release */,
			);
			defaultConfigurationIsVisible = 0;
			defaultConfigurationName = Release;
		};
/* End XCConfigurationList section */
	};
	rootObject = 1EAA666121AC97D400A75E4A /* Project object */;
}
